
Microsoft Visual Studio Solution File, Format Version 12.00
# Visual Studio Version 17
VisualStudioVersion = 17.9.34616.47
MinimumVisualStudioVersion = 10.0.40219.1
Project("{FAE04EC0-301F-11D3-BF4B-00C04F79EFBC}") = "nats_receiver", "nats_receiver\nats_receiver.csproj", "{451A9A89-0839-437F-B107-C79A21B04929}"
EndProject
Project("{FAE04EC0-301F-11D3-BF4B-00C04F79EFBC}") = "nats_sender", "nats_sender\nats_sender.csproj", "{F0590DDD-002E-405C-A2F8-2A10A0BA6BE7}"
EndProject
Global
	GlobalSection(SolutionConfigurationPlatforms) = preSolution
		Debug|Any CPU = Debug|Any CPU
		Release|Any CPU = Release|Any CPU
	EndGlobalSection
	GlobalSection(ProjectConfigurationPlatforms) = postSolution
		{451A9A89-0839-437F-B107-C79A21B04929}.Debug|Any CPU.ActiveCfg = Debug|Any CPU
		{451A9A89-0839-437F-B107-C79A21B04929}.Debug|Any CPU.Build.0 = Debug|Any CPU
		{451A9A89-0839-437F-B107-C79A21B04929}.Release|Any CPU.ActiveCfg = Release|Any CPU
		{451A9A89-0839-437F-B107-C79A21B04929}.Release|Any CPU.Build.0 = Release|Any CPU
		{F0590DDD-002E-405C-A2F8-2A10A0BA6BE7}.Debug|Any CPU.ActiveCfg = Debug|Any CPU
		{F0590DDD-002E-405C-A2F8-2A10A0BA6BE7}.Debug|Any CPU.Build.0 = Debug|Any CPU
		{F0590DDD-002E-405C-A2F8-2A10A0BA6BE7}.Release|Any CPU.ActiveCfg = Release|Any CPU
		{F0590DDD-002E-405C-A2F8-2A10A0BA6BE7}.Release|Any CPU.Build.0 = Release|Any CPU
	EndGlobalSection
	GlobalSection(SolutionProperties) = preSolution
		HideSolutionNode = FALSE
	EndGlobalSection
	GlobalSection(ExtensibilityGlobals) = postSolution
		SolutionGuid = {DD126CFE-A3BA-4713-AC28-B74F44E4ABEE}
	EndGlobalSection
EndGlobal
